{
	"name": "@openchemistry/molecule-moljs",
	"version": "0.4.25",
	"lockfileVersion": 1,
	"requires": true,
	"dependencies": {
		"@stencil/core": {
			"version": "1.5.4",
			"resolved": "https://registry.npmjs.org/@stencil/core/-/core-1.5.4.tgz",
			"integrity": "sha512-DReXOvKYr34b0uzg/AncMAnSP99QvS2Zj+VQ8WcZSy+UMLCzUm5myU4cXaw/ToUrlwnjr2sjOzmnIBRUfiQ2qg==",
			"dev": true,
			"requires": {
				"typescript": "3.6.3"
			}
		},
		"@types/lodash": {
			"version": "4.14.116",
			"resolved": "https://registry.npmjs.org/@types/lodash/-/lodash-4.14.116.tgz",
			"integrity": "sha512-lRnAtKnxMXcYYXqOiotTmJd74uawNWuPnsnPrrO7HiFuE3npE2iQhfABatbYDyxTNqZNuXzcKGhw37R7RjBFLg=="
		},
		"@types/lodash-es": {
			"version": "4.17.1",
			"resolved": "https://registry.npmjs.org/@types/lodash-es/-/lodash-es-4.17.1.tgz",
			"integrity": "sha512-3EDZjphPfdjnsWvY11ufYImFMPyQJwIH1eFYRgWQsjOctce06fmNgVf5sfvXBRiaS1o0X50bAln1lfWs8ZO3BA==",
			"requires": {
				"@types/lodash": "*"
			}
		},
		"lodash-es": {
			"version": "4.17.11",
			"resolved": "https://registry.npmjs.org/lodash-es/-/lodash-es-4.17.11.tgz",
			"integrity": "sha512-DHb1ub+rMjjrxqlB3H56/6MXtm1lSksDp2rA2cNWjG8mlDUYFhUj3Di2Zn5IwSU87xLv8tNIQ7sSwE/YOX/D/Q=="
		},
		"resize-observer-polyfill": {
			"version": "1.5.0",
			"resolved": "https://registry.npmjs.org/resize-observer-polyfill/-/resize-observer-polyfill-1.5.0.tgz",
			"integrity": "sha512-M2AelyJDVR/oLnToJLtuDJRBBWUGUvvGigj1411hXhAdyFWqMaqHp7TixW3FpiLuVaikIcR1QL+zqoJoZlOgpg=="
		},
		"typescript": {
			"version": "3.6.3",
			"resolved": "https://registry.npmjs.org/typescript/-/typescript-3.6.3.tgz",
			"integrity": "sha512-N7bceJL1CtRQ2RiG0AQME13ksR7DiuQh/QehubYcghzv20tnh+MQnQIuJddTmsbqYj+dztchykemz0zFzlvdQw==",
			"dev": true
		}
	}
}
