{
	"name": "@openchemistry/molecule-moljs",
	"version": "0.4.29",
	"lockfileVersion": 1,
	"requires": true,
	"dependencies": {
		"@stencil/core": {
			"version": "1.7.5",
			"resolved": "https://registry.npmjs.org/@stencil/core/-/core-1.7.5.tgz",
			"integrity": "sha512-VlXKeN/FAqwaZ5yVWOZB+3biwL6TBZHEN8iWJIHnM7AskKCBDSSHXktPjBOCAuO2/kB82je712GrIpqRnMJGHA==",
			"dev": true,
			"requires": {
				"typescript": "3.6.3"
			}
		},
		"@types/lodash": {
			"version": "4.14.144",
			"resolved": "https://registry.npmjs.org/@types/lodash/-/lodash-4.14.144.tgz",
			"integrity": "sha512-ogI4g9W5qIQQUhXAclq6zhqgqNUr7UlFaqDHbch7WLSLeeM/7d3CRaw7GLajxvyFvhJqw4Rpcz5bhoaYtIx6Tg=="
		},
		"@types/lodash-es": {
			"version": "4.17.3",
			"resolved": "https://registry.npmjs.org/@types/lodash-es/-/lodash-es-4.17.3.tgz",
			"integrity": "sha512-iHI0i7ZAL1qepz1Y7f3EKg/zUMDwDfTzitx+AlHhJJvXwenP682ZyGbgPSc5Ej3eEAKVbNWKFuwOadCj5vBbYQ==",
			"requires": {
				"@types/lodash": "*"
			}
		},
		"lodash-es": {
			"version": "4.17.15",
			"resolved": "https://registry.npmjs.org/lodash-es/-/lodash-es-4.17.15.tgz",
			"integrity": "sha512-rlrc3yU3+JNOpZ9zj5pQtxnx2THmvRykwL4Xlxoa8I9lHBlVbbyPhgyPMioxVZ4NqyxaVVtaJnzsyOidQIhyyQ=="
		},
		"resize-observer-polyfill": {
			"version": "1.5.1",
			"resolved": "https://registry.npmjs.org/resize-observer-polyfill/-/resize-observer-polyfill-1.5.1.tgz",
			"integrity": "sha512-LwZrotdHOo12nQuZlHEmtuXdqGoOD0OhaxopaNFxWzInpEgaLWoVuAMbTzixuosCx2nEG58ngzW3vxdWoxIgdg=="
		},
		"typescript": {
			"version": "3.6.3",
			"resolved": "https://registry.npmjs.org/typescript/-/typescript-3.6.3.tgz",
			"integrity": "sha512-N7bceJL1CtRQ2RiG0AQME13ksR7DiuQh/QehubYcghzv20tnh+MQnQIuJddTmsbqYj+dztchykemz0zFzlvdQw==",
			"dev": true
		}
	}
}
