{
	"name": "@openchemistry/molecule-moljs",
	"version": "0.4.36",
	"lockfileVersion": 1,
	"requires": true,
	"dependencies": {
		"@colormap/core": {
			"version": "0.2.0",
			"resolved": "https://registry.npmjs.org/@colormap/core/-/core-0.2.0.tgz",
			"integrity": "sha512-mFR7RHtSSDHwJq4pcXVa+MAzdRqADm5RiUkG35BfmUr9TZri/+NPfwJtDSvajzLwkOwBU0aGiSpNYX6qlOSwng=="
		},
		"@stencil/core": {
			"version": "2.3.0",
			"resolved": "https://registry.npmjs.org/@stencil/core/-/core-2.3.0.tgz",
			"integrity": "sha512-VZ/Ox0E1kngcmHbJhHUufuLELi+xG3of3LuRI3X2AMWyE82JUVYlOEsQci/YBZWpfc9BS9I36R88prBew22oew==",
			"dev": true
		},
		"@types/lodash": {
			"version": "4.14.150",
			"resolved": "https://registry.npmjs.org/@types/lodash/-/lodash-4.14.150.tgz",
			"integrity": "sha512-kMNLM5JBcasgYscD9x/Gvr6lTAv2NVgsKtet/hm93qMyf/D1pt+7jeEZklKJKxMVmXjxbRVQQGfqDSfipYCO6w=="
		},
		"@types/lodash-es": {
			"version": "4.17.3",
			"resolved": "https://registry.npmjs.org/@types/lodash-es/-/lodash-es-4.17.3.tgz",
			"integrity": "sha512-iHI0i7ZAL1qepz1Y7f3EKg/zUMDwDfTzitx+AlHhJJvXwenP682ZyGbgPSc5Ej3eEAKVbNWKFuwOadCj5vBbYQ==",
			"requires": {
				"@types/lodash": "*"
			}
		},
		"@types/uuid": {
			"version": "8.3.0",
			"resolved": "https://registry.npmjs.org/@types/uuid/-/uuid-8.3.0.tgz",
			"integrity": "sha512-eQ9qFW/fhfGJF8WKHGEHZEyVWfZxrT+6CLIJGBcZPfxUh/+BnEj+UCGYMlr9qZuX/2AltsvwrGqp0LhEW8D0zQ=="
		},
		"lodash-es": {
			"version": "4.17.15",
			"resolved": "https://registry.npmjs.org/lodash-es/-/lodash-es-4.17.15.tgz",
			"integrity": "sha512-rlrc3yU3+JNOpZ9zj5pQtxnx2THmvRykwL4Xlxoa8I9lHBlVbbyPhgyPMioxVZ4NqyxaVVtaJnzsyOidQIhyyQ=="
		},
		"resize-observer-polyfill": {
			"version": "1.5.1",
			"resolved": "https://registry.npmjs.org/resize-observer-polyfill/-/resize-observer-polyfill-1.5.1.tgz",
			"integrity": "sha512-LwZrotdHOo12nQuZlHEmtuXdqGoOD0OhaxopaNFxWzInpEgaLWoVuAMbTzixuosCx2nEG58ngzW3vxdWoxIgdg=="
		},
		"uuid": {
			"version": "8.3.1",
			"resolved": "https://registry.npmjs.org/uuid/-/uuid-8.3.1.tgz",
			"integrity": "sha512-FOmRr+FmWEIG8uhZv6C2bTgEVXsHk08kE7mPlrBbEe+c3r9pjceVPgupIfNIhc4yx55H69OXANrUaSuu9eInKg=="
		}
	}
}
