{
	"name": "@openchemistry/molecule",
	"version": "0.4.37",
	"lockfileVersion": 1,
	"requires": true,
	"dependencies": {
		"@stencil/core": {
			"version": "1.13.0",
			"resolved": "https://registry.npmjs.org/@stencil/core/-/core-1.13.0.tgz",
			"integrity": "sha512-++kIXaEgmwm/vq+9QAVHPuLLddCKVdJyI8OfHxknkpu5udxZMYA/vaN/K9i+2NIiTLbGpvHNk9E+RyYzKxS0XQ==",
			"dev": true,
			"requires": {
				"typescript": "3.8.3"
			}
		},
		"@types/lodash": {
			"version": "4.14.150",
			"resolved": "https://registry.npmjs.org/@types/lodash/-/lodash-4.14.150.tgz",
			"integrity": "sha512-kMNLM5JBcasgYscD9x/Gvr6lTAv2NVgsKtet/hm93qMyf/D1pt+7jeEZklKJKxMVmXjxbRVQQGfqDSfipYCO6w==",
			"dev": true
		},
		"@types/lodash-es": {
			"version": "4.17.3",
			"resolved": "https://registry.npmjs.org/@types/lodash-es/-/lodash-es-4.17.3.tgz",
			"integrity": "sha512-iHI0i7ZAL1qepz1Y7f3EKg/zUMDwDfTzitx+AlHhJJvXwenP682ZyGbgPSc5Ej3eEAKVbNWKFuwOadCj5vBbYQ==",
			"dev": true,
			"requires": {
				"@types/lodash": "*"
			}
		},
		"immer": {
			"version": "1.8.2",
			"resolved": "https://registry.npmjs.org/immer/-/immer-1.8.2.tgz",
			"integrity": "sha512-uP9EI4hmRTlZ+d4YYmd7JMlxf8I3KPHnvWfLNjpOv/cQNRV/dKHL8L3cZ7z6OCuRQnK59Uu5LJr/KxViqAiEQQ=="
		},
		"lodash-es": {
			"version": "4.17.15",
			"resolved": "https://registry.npmjs.org/lodash-es/-/lodash-es-4.17.15.tgz",
			"integrity": "sha512-rlrc3yU3+JNOpZ9zj5pQtxnx2THmvRykwL4Xlxoa8I9lHBlVbbyPhgyPMioxVZ4NqyxaVVtaJnzsyOidQIhyyQ=="
		},
		"lodash.throttle": {
			"version": "4.1.1",
			"resolved": "https://registry.npmjs.org/lodash.throttle/-/lodash.throttle-4.1.1.tgz",
			"integrity": "sha1-wj6RtxAkKscMN/HhzaknTMOb8vQ="
		},
		"memoize-one": {
			"version": "5.1.1",
			"resolved": "https://registry.npmjs.org/memoize-one/-/memoize-one-5.1.1.tgz",
			"integrity": "sha512-HKeeBpWvqiVJD57ZUAsJNm71eHTykffzcLZVYWiVfQeI1rJtuEaS7hQiEpWfVVk18donPwJEcFKIkCmPJNOhHA=="
		},
		"split-me": {
			"version": "1.2.2",
			"resolved": "https://registry.npmjs.org/split-me/-/split-me-1.2.2.tgz",
			"integrity": "sha512-wZF3TUNVn/DGoLfMlg3wFbYmh+vhLDSZ6fcIVcVH6xuf/v9Es4aXcynYvEiyO71zniv4TqsUEhQkwPJ1xnz5FQ==",
			"requires": {
				"lodash.throttle": "^4.1.1"
			}
		},
		"typescript": {
			"version": "3.8.3",
			"resolved": "https://registry.npmjs.org/typescript/-/typescript-3.8.3.tgz",
			"integrity": "sha512-MYlEfn5VrLNsgudQTVJeNaQFUAI7DkhnOjdpAp4T+ku1TfQClewlbSuTVHiA+8skNBgaf02TL/kLOvig4y3G8w==",
			"dev": true
		}
	}
}
