{
	"name": "@openchemistry/molecule",
	"version": "0.4.22",
	"lockfileVersion": 1,
	"requires": true,
	"dependencies": {
		"@stencil/core": {
			"version": "1.2.0",
			"resolved": "https://registry.npmjs.org/@stencil/core/-/core-1.2.0.tgz",
			"integrity": "sha512-ah2fZFb9k6NjmJ6Wh9OkEurPPz/fbK7F0cO21eJqTEb2tEPhwKBPbxdHqbCAHTWBl+jIKnEJMRRj5ri06wy5PQ==",
			"dev": true,
			"requires": {
				"typescript": "3.5.3"
			}
		},
		"@types/lodash": {
			"version": "4.14.121",
			"resolved": "https://registry.npmjs.org/@types/lodash/-/lodash-4.14.121.tgz",
			"integrity": "sha512-ORj7IBWj13iYufXt/VXrCNMbUuCTJfhzme5kx9U/UtcIPdJYuvPDUAlHlbNhz/8lKCLy9XGIZnGrqXOtQbPGoQ==",
			"dev": true
		},
		"@types/lodash-es": {
			"version": "4.17.2",
			"resolved": "https://registry.npmjs.org/@types/lodash-es/-/lodash-es-4.17.2.tgz",
			"integrity": "sha512-Bpl6bh7kF9IdepJEfSd6g/E6OPq99jcIQP5g0xqv47P1FjLOP1+PENCy2vWvrzY+KwnnHwGAbUcTxbEr+WAnUw==",
			"dev": true,
			"requires": {
				"@types/lodash": "*"
			}
		},
		"immer": {
			"version": "1.8.2",
			"resolved": "https://registry.npmjs.org/immer/-/immer-1.8.2.tgz",
			"integrity": "sha512-uP9EI4hmRTlZ+d4YYmd7JMlxf8I3KPHnvWfLNjpOv/cQNRV/dKHL8L3cZ7z6OCuRQnK59Uu5LJr/KxViqAiEQQ=="
		},
		"lodash-es": {
			"version": "4.17.11",
			"resolved": "https://registry.npmjs.org/lodash-es/-/lodash-es-4.17.11.tgz",
			"integrity": "sha512-DHb1ub+rMjjrxqlB3H56/6MXtm1lSksDp2rA2cNWjG8mlDUYFhUj3Di2Zn5IwSU87xLv8tNIQ7sSwE/YOX/D/Q=="
		},
		"lodash.throttle": {
			"version": "4.1.1",
			"resolved": "https://registry.npmjs.org/lodash.throttle/-/lodash.throttle-4.1.1.tgz",
			"integrity": "sha1-wj6RtxAkKscMN/HhzaknTMOb8vQ="
		},
		"memoize-one": {
			"version": "5.0.0",
			"resolved": "https://registry.npmjs.org/memoize-one/-/memoize-one-5.0.0.tgz",
			"integrity": "sha512-7g0+ejkOaI9w5x6LvQwmj68kUj6rxROywPSCqmclG/HBacmFnZqhVscQ8kovkn9FBCNJmOz6SY42+jnvZzDWdw=="
		},
		"split-me": {
			"version": "1.2.1",
			"resolved": "https://registry.npmjs.org/split-me/-/split-me-1.2.1.tgz",
			"integrity": "sha512-x2LPCA4lAfTXaN3Kgxd+GaXHlze1aTlPSPRyoTXysLCkzEYdFE+yJCbRpf7RtxCxmDczpCS2l0vFGcRFkVAkiQ==",
			"requires": {
				"lodash.throttle": "^4.1.1"
			}
		},
		"typescript": {
			"version": "3.5.3",
			"resolved": "https://registry.npmjs.org/typescript/-/typescript-3.5.3.tgz",
			"integrity": "sha512-ACzBtm/PhXBDId6a6sDJfroT2pOWt/oOnk4/dElG5G33ZL776N3Y6/6bKZJBFpd+b05F3Ct9qDjMeJmRWtE2/g==",
			"dev": true
		}
	}
}
