{
	"name": "@openchemistry/molecule-menu",
	"version": "0.6.21",
	"lockfileVersion": 1,
	"requires": true,
	"dependencies": {
		"@ionic/core": {
			"version": "4.10.1",
			"resolved": "https://registry.npmjs.org/@ionic/core/-/core-4.10.1.tgz",
			"integrity": "sha512-TJo1A8kiOs1BRIhOtH9w/9Qw8ayG4JMBSSQ0iEX9SKp/xtidfZagOjCDBzW/Ou9bMzmbhQbvUzYMFAad+SKkYw==",
			"requires": {
				"ionicons": "^4.6.3",
				"tslib": "^1.10.0"
			}
		},
		"@stencil/core": {
			"version": "1.5.4",
			"resolved": "https://registry.npmjs.org/@stencil/core/-/core-1.5.4.tgz",
			"integrity": "sha512-DReXOvKYr34b0uzg/AncMAnSP99QvS2Zj+VQ8WcZSy+UMLCzUm5myU4cXaw/ToUrlwnjr2sjOzmnIBRUfiQ2qg==",
			"dev": true,
			"requires": {
				"typescript": "3.6.3"
			}
		},
		"@types/lodash": {
			"version": "4.14.121",
			"resolved": "https://registry.npmjs.org/@types/lodash/-/lodash-4.14.121.tgz",
			"integrity": "sha512-ORj7IBWj13iYufXt/VXrCNMbUuCTJfhzme5kx9U/UtcIPdJYuvPDUAlHlbNhz/8lKCLy9XGIZnGrqXOtQbPGoQ==",
			"dev": true
		},
		"@types/lodash-es": {
			"version": "4.17.2",
			"resolved": "https://registry.npmjs.org/@types/lodash-es/-/lodash-es-4.17.2.tgz",
			"integrity": "sha512-Bpl6bh7kF9IdepJEfSd6g/E6OPq99jcIQP5g0xqv47P1FjLOP1+PENCy2vWvrzY+KwnnHwGAbUcTxbEr+WAnUw==",
			"dev": true,
			"requires": {
				"@types/lodash": "*"
			}
		},
		"ionicons": {
			"version": "4.6.3",
			"resolved": "https://registry.npmjs.org/ionicons/-/ionicons-4.6.3.tgz",
			"integrity": "sha512-cgP+VIr2cTJpMfFyVHTerq6n2jeoiGboVoe3GlaAo5zoSBDAEXORwUZhv6m+lCyxlsHCS3nqPUE+MKyZU71t8Q=="
		},
		"lodash-es": {
			"version": "4.17.11",
			"resolved": "https://registry.npmjs.org/lodash-es/-/lodash-es-4.17.11.tgz",
			"integrity": "sha512-DHb1ub+rMjjrxqlB3H56/6MXtm1lSksDp2rA2cNWjG8mlDUYFhUj3Di2Zn5IwSU87xLv8tNIQ7sSwE/YOX/D/Q=="
		},
		"tslib": {
			"version": "1.10.0",
			"resolved": "https://registry.npmjs.org/tslib/-/tslib-1.10.0.tgz",
			"integrity": "sha512-qOebF53frne81cf0S9B41ByenJ3/IuH8yJKngAX35CmiZySA0khhkovshKK+jGCaMnVomla7gVlIcc3EvKPbTQ=="
		},
		"typescript": {
			"version": "3.6.3",
			"resolved": "https://registry.npmjs.org/typescript/-/typescript-3.6.3.tgz",
			"integrity": "sha512-N7bceJL1CtRQ2RiG0AQME13ksR7DiuQh/QehubYcghzv20tnh+MQnQIuJddTmsbqYj+dztchykemz0zFzlvdQw==",
			"dev": true
		}
	}
}
