{
	"name": "@openchemistry/utils",
	"version": "0.6.23",
	"lockfileVersion": 2,
	"requires": true,
	"packages": {
		"": {
			"name": "@openchemistry/utils",
			"version": "0.6.23",
			"license": "BSD-3-Clause",
			"dependencies": {
				"lodash-es": "^4.17.15"
			},
			"devDependencies": {
				"@types/lodash-es": "^4.17.3",
				"typescript": "^4.0.5"
			}
		},
		"node_modules/@types/lodash": {
			"version": "4.14.150",
			"resolved": "https://registry.npmjs.org/@types/lodash/-/lodash-4.14.150.tgz",
			"integrity": "sha512-kMNLM5JBcasgYscD9x/Gvr6lTAv2NVgsKtet/hm93qMyf/D1pt+7jeEZklKJKxMVmXjxbRVQQGfqDSfipYCO6w==",
			"dev": true
		},
		"node_modules/@types/lodash-es": {
			"version": "4.17.3",
			"resolved": "https://registry.npmjs.org/@types/lodash-es/-/lodash-es-4.17.3.tgz",
			"integrity": "sha512-iHI0i7ZAL1qepz1Y7f3EKg/zUMDwDfTzitx+AlHhJJvXwenP682ZyGbgPSc5Ej3eEAKVbNWKFuwOadCj5vBbYQ==",
			"dev": true,
			"dependencies": {
				"@types/lodash": "*"
			}
		},
		"node_modules/lodash-es": {
			"version": "4.17.15",
			"resolved": "https://registry.npmjs.org/lodash-es/-/lodash-es-4.17.15.tgz",
			"integrity": "sha512-rlrc3yU3+JNOpZ9zj5pQtxnx2THmvRykwL4Xlxoa8I9lHBlVbbyPhgyPMioxVZ4NqyxaVVtaJnzsyOidQIhyyQ=="
		},
		"node_modules/typescript": {
			"version": "4.0.5",
			"resolved": "https://registry.npmjs.org/typescript/-/typescript-4.0.5.tgz",
			"integrity": "sha512-ywmr/VrTVCmNTJ6iV2LwIrfG1P+lv6luD8sUJs+2eI9NLGigaN+nUQc13iHqisq7bra9lnmUSYqbJvegraBOPQ==",
			"dev": true,
			"bin": {
				"tsc": "bin/tsc",
				"tsserver": "bin/tsserver"
			},
			"engines": {
				"node": ">=4.2.0"
			}
		}
	},
	"dependencies": {
		"@types/lodash": {
			"version": "4.14.150",
			"resolved": "https://registry.npmjs.org/@types/lodash/-/lodash-4.14.150.tgz",
			"integrity": "sha512-kMNLM5JBcasgYscD9x/Gvr6lTAv2NVgsKtet/hm93qMyf/D1pt+7jeEZklKJKxMVmXjxbRVQQGfqDSfipYCO6w==",
			"dev": true
		},
		"@types/lodash-es": {
			"version": "4.17.3",
			"resolved": "https://registry.npmjs.org/@types/lodash-es/-/lodash-es-4.17.3.tgz",
			"integrity": "sha512-iHI0i7ZAL1qepz1Y7f3EKg/zUMDwDfTzitx+AlHhJJvXwenP682ZyGbgPSc5Ej3eEAKVbNWKFuwOadCj5vBbYQ==",
			"dev": true,
			"requires": {
				"@types/lodash": "*"
			}
		},
		"lodash-es": {
			"version": "4.17.15",
			"resolved": "https://registry.npmjs.org/lodash-es/-/lodash-es-4.17.15.tgz",
			"integrity": "sha512-rlrc3yU3+JNOpZ9zj5pQtxnx2THmvRykwL4Xlxoa8I9lHBlVbbyPhgyPMioxVZ4NqyxaVVtaJnzsyOidQIhyyQ=="
		},
		"typescript": {
			"version": "4.0.5",
			"resolved": "https://registry.npmjs.org/typescript/-/typescript-4.0.5.tgz",
			"integrity": "sha512-ywmr/VrTVCmNTJ6iV2LwIrfG1P+lv6luD8sUJs+2eI9NLGigaN+nUQc13iHqisq7bra9lnmUSYqbJvegraBOPQ==",
			"dev": true
		}
	}
}
