{
	"name": "@openchemistry/sample-data",
	"version": "0.3.7",
	"lockfileVersion": 1,
	"requires": true,
	"dependencies": {
		"@openchemistry/types": {
			"version": "0.8.0",
			"resolved": "https://registry.npmjs.org/@openchemistry/types/-/types-0.8.0.tgz",
			"integrity": "sha512-4cgwPp+y14ZZUO+f/Ol5obRbY2ardDaLMniopw+VM7FBO8T27llMWY9tCLLIfa0gn6/c2q58OIM5D0cdhu6V6A==",
			"dev": true
		},
		"typescript": {
			"version": "3.0.3",
			"resolved": "https://registry.npmjs.org/typescript/-/typescript-3.0.3.tgz",
			"integrity": "sha512-kk80vLW9iGtjMnIv11qyxLqZm20UklzuR2tL0QAnDIygIUIemcZMxlMWudl9OOt76H3ntVzcTiddQ1/pAAJMYg==",
			"dev": true
		}
	}
}
